{
  "name": "@enio.ai/nx-install",
  "version": "0.2.1",
  "lockfileVersion": 2,
  "requires": true,
  "packages": {
    "": {
      "name": "@enio.ai/nx-install",
      "version": "0.2.1",
      "funding": [
        {
          "type": "github",
          "url": "https://github.com/orgs/enio-ireland/dashboard"
        }
      ],
      "license": "MIT"
    }
  }
}
