{
  "name": "@enio.ai/path-schema",
  "version": "0.2.0",
  "lockfileVersion": 3,
  "requires": true,
  "packages": {
    "": {
      "name": "@enio.ai/path-schema",
      "version": "0.2.0",
      "funding": [
        {
          "type": "github",
          "url": "https://github.com/orgs/enio-ireland/dashboard"
        }
      ],
      "license": "MIT"
    }
  }
}
